
Microsoft Visual Studio Solution File, Format Version 12.00
# Visual Studio Version 17
VisualStudioVersion = 17.4.33205.214
MinimumVisualStudioVersion = 10.0.40219.1
Project("{9A19103F-16F7-4668-BE54-9A1E7A4F7556}") = "K4AdotNet", "K4AdotNet\K4AdotNet.csproj", "{0646EAF8-8941-4CBE-9D1A-59C643171F3E}"
EndProject
Project("{2150E333-8FDC-42A3-9474-1A3956D46DE8}") = "0 - Solution Items", "0 - Solution Items", "{4214990D-F0AF-4206-9A3B-47919B99AB1C}"
	ProjectSection(SolutionItems) = preProject
		.gitattributes = .gitattributes
		.gitignore = .gitignore
		K4AdotNet-Combo-64.png = K4AdotNet-Combo-64.png
		K4AdotNet-Combo.ico = K4AdotNet-Combo.ico
		LICENSE = LICENSE
		Product.props = Product.props
		README.md = README.md
	EndProjectSection
EndProject
Project("{2150E333-8FDC-42A3-9474-1A3956D46DE8}") = "1 - Libraries", "1 - Libraries", "{8A43FD41-5FDD-4106-B41B-FF9C3135D12A}"
EndProject
Project("{2150E333-8FDC-42A3-9474-1A3956D46DE8}") = "2 - Samples", "2 - Samples", "{11E945CD-4D46-4856-8467-72CE65DD4DF7}"
EndProject
Project("{2150E333-8FDC-42A3-9474-1A3956D46DE8}") = "3 - Tests", "3 - Tests", "{B227E80C-8E74-486D-887E-AC31D7A70F96}"
EndProject
Project("{9A19103F-16F7-4668-BE54-9A1E7A4F7556}") = "K4AdotNet.Samples.Console.BodyTrackingSpeed", "K4AdotNet.Samples.Console.BodyTrackingSpeed\K4AdotNet.Samples.Console.BodyTrackingSpeed.csproj", "{45AEA3B6-EB45-479A-8962-93AC42B6AA41}"
EndProject
Project("{9A19103F-16F7-4668-BE54-9A1E7A4F7556}") = "K4AdotNet.Tests.Unit-Azure", "K4AdotNet.Tests.Unit\K4AdotNet.Tests.Unit-Azure.csproj", "{4E37EEE5-15FD-46A8-A8AC-8A3C1DE48893}"
EndProject
Project("{9A19103F-16F7-4668-BE54-9A1E7A4F7556}") = "K4AdotNet.Tests.Unit-Orbbec", "K4AdotNet.Tests.Unit\K4AdotNet.Tests.Unit-Orbbec.csproj", "{8CC9E2E7-4349-458B-B449-37015AA3498F}"
EndProject
Project("{9A19103F-16F7-4668-BE54-9A1E7A4F7556}") = "K4AdotNet.Samples.Wpf.Viewer", "K4AdotNet.Samples.Wpf.Viewer\K4AdotNet.Samples.Wpf.Viewer.csproj", "{28F1EB11-BDF2-464E-A9C4-92D624F32F42}"
EndProject
Project("{9A19103F-16F7-4668-BE54-9A1E7A4F7556}") = "K4AdotNet.Samples.Wpf.Common", "K4AdotNet.Samples.Wpf.Common\K4AdotNet.Samples.Wpf.Common.csproj", "{496FF115-D576-446A-87D4-C03B60B5DBF7}"
EndProject
Project("{9A19103F-16F7-4668-BE54-9A1E7A4F7556}") = "K4AdotNet.Samples.Wpf.BodyTracker", "K4AdotNet.Samples.Wpf.BodyTracker\K4AdotNet.Samples.Wpf.BodyTracker.csproj", "{E43631EF-4AF2-4B24-B6D4-7B4CAF0D5103}"
EndProject
Project("{9A19103F-16F7-4668-BE54-9A1E7A4F7556}") = "K4AdotNet.Samples.Wpf.BackgroundRemover", "K4AdotNet.Samples.Wpf.BackgroundRemover\K4AdotNet.Samples.Wpf.BackgroundRemover.csproj", "{684CCB9A-758B-4D45-99E9-40758B03603D}"
EndProject
Project("{9A19103F-16F7-4668-BE54-9A1E7A4F7556}") = "K4AdotNet.Tests.Record-Azure", "K4AdotNet.Tests.Record\K4AdotNet.Tests.Record-Azure.csproj", "{D02E912E-BD4A-412F-81E5-9553BC4B5A5F}"
EndProject
Project("{9A19103F-16F7-4668-BE54-9A1E7A4F7556}") = "K4AdotNet.Tests.Record-Orbbec", "K4AdotNet.Tests.Record\K4AdotNet.Tests.Record-Orbbec.csproj", "{CA0BB5C4-6965-4FDD-ABEC-C30A726A200B}"
EndProject
Project("{9A19103F-16F7-4668-BE54-9A1E7A4F7556}") = "K4AdotNet.Samples.Console.Recorder", "K4AdotNet.Samples.Console.Recorder\K4AdotNet.Samples.Console.Recorder.csproj", "{9231DC9B-2F7A-4EC2-A3D2-A381A5A1E6D5}"
EndProject
Global
	GlobalSection(SolutionConfigurationPlatforms) = preSolution
		Debug|Any CPU = Debug|Any CPU
		Debug|x64 = Debug|x64
		Release|Any CPU = Release|Any CPU
		Release|x64 = Release|x64
	EndGlobalSection
	GlobalSection(ProjectConfigurationPlatforms) = postSolution
		{0646EAF8-8941-4CBE-9D1A-59C643171F3E}.Debug|Any CPU.ActiveCfg = Debug|Any CPU
		{0646EAF8-8941-4CBE-9D1A-59C643171F3E}.Debug|Any CPU.Build.0 = Debug|Any CPU
		{0646EAF8-8941-4CBE-9D1A-59C643171F3E}.Debug|x64.ActiveCfg = Debug|x64
		{0646EAF8-8941-4CBE-9D1A-59C643171F3E}.Debug|x64.Build.0 = Debug|x64
		{0646EAF8-8941-4CBE-9D1A-59C643171F3E}.Release|Any CPU.ActiveCfg = Release|Any CPU
		{0646EAF8-8941-4CBE-9D1A-59C643171F3E}.Release|Any CPU.Build.0 = Release|Any CPU
		{0646EAF8-8941-4CBE-9D1A-59C643171F3E}.Release|x64.ActiveCfg = Release|x64
		{0646EAF8-8941-4CBE-9D1A-59C643171F3E}.Release|x64.Build.0 = Release|x64
		{45AEA3B6-EB45-479A-8962-93AC42B6AA41}.Debug|Any CPU.ActiveCfg = Debug|x64
		{45AEA3B6-EB45-479A-8962-93AC42B6AA41}.Debug|x64.ActiveCfg = Debug|x64
		{45AEA3B6-EB45-479A-8962-93AC42B6AA41}.Debug|x64.Build.0 = Debug|x64
		{45AEA3B6-EB45-479A-8962-93AC42B6AA41}.Release|Any CPU.ActiveCfg = Release|x64
		{45AEA3B6-EB45-479A-8962-93AC42B6AA41}.Release|x64.ActiveCfg = Release|x64
		{45AEA3B6-EB45-479A-8962-93AC42B6AA41}.Release|x64.Build.0 = Release|x64
		{4E37EEE5-15FD-46A8-A8AC-8A3C1DE48893}.Debug|Any CPU.ActiveCfg = Debug|x64
		{4E37EEE5-15FD-46A8-A8AC-8A3C1DE48893}.Debug|x64.ActiveCfg = Debug|x64
		{4E37EEE5-15FD-46A8-A8AC-8A3C1DE48893}.Debug|x64.Build.0 = Debug|x64
		{4E37EEE5-15FD-46A8-A8AC-8A3C1DE48893}.Release|Any CPU.ActiveCfg = Release|x64
		{4E37EEE5-15FD-46A8-A8AC-8A3C1DE48893}.Release|x64.ActiveCfg = Release|x64
		{4E37EEE5-15FD-46A8-A8AC-8A3C1DE48893}.Release|x64.Build.0 = Release|x64
		{8CC9E2E7-4349-458B-B449-37015AA3498F}.Debug|Any CPU.ActiveCfg = Debug|x64
		{8CC9E2E7-4349-458B-B449-37015AA3498F}.Debug|Any CPU.Build.0 = Debug|x64
		{8CC9E2E7-4349-458B-B449-37015AA3498F}.Debug|x64.ActiveCfg = Debug|x64
		{8CC9E2E7-4349-458B-B449-37015AA3498F}.Debug|x64.Build.0 = Debug|x64
		{8CC9E2E7-4349-458B-B449-37015AA3498F}.Release|Any CPU.ActiveCfg = Release|x64
		{8CC9E2E7-4349-458B-B449-37015AA3498F}.Release|Any CPU.Build.0 = Release|x64
		{8CC9E2E7-4349-458B-B449-37015AA3498F}.Release|x64.ActiveCfg = Release|x64
		{8CC9E2E7-4349-458B-B449-37015AA3498F}.Release|x64.Build.0 = Release|x64
		{28F1EB11-BDF2-464E-A9C4-92D624F32F42}.Debug|Any CPU.ActiveCfg = Debug|x64
		{28F1EB11-BDF2-464E-A9C4-92D624F32F42}.Debug|x64.ActiveCfg = Debug|x64
		{28F1EB11-BDF2-464E-A9C4-92D624F32F42}.Debug|x64.Build.0 = Debug|x64
		{28F1EB11-BDF2-464E-A9C4-92D624F32F42}.Release|Any CPU.ActiveCfg = Release|x64
		{28F1EB11-BDF2-464E-A9C4-92D624F32F42}.Release|x64.ActiveCfg = Release|x64
		{28F1EB11-BDF2-464E-A9C4-92D624F32F42}.Release|x64.Build.0 = Release|x64
		{496FF115-D576-446A-87D4-C03B60B5DBF7}.Debug|Any CPU.ActiveCfg = Debug|x64
		{496FF115-D576-446A-87D4-C03B60B5DBF7}.Debug|x64.ActiveCfg = Debug|x64
		{496FF115-D576-446A-87D4-C03B60B5DBF7}.Debug|x64.Build.0 = Debug|x64
		{496FF115-D576-446A-87D4-C03B60B5DBF7}.Release|Any CPU.ActiveCfg = Release|x64
		{496FF115-D576-446A-87D4-C03B60B5DBF7}.Release|x64.ActiveCfg = Release|x64
		{496FF115-D576-446A-87D4-C03B60B5DBF7}.Release|x64.Build.0 = Release|x64
		{E43631EF-4AF2-4B24-B6D4-7B4CAF0D5103}.Debug|Any CPU.ActiveCfg = Debug|x64
		{E43631EF-4AF2-4B24-B6D4-7B4CAF0D5103}.Debug|x64.ActiveCfg = Debug|x64
		{E43631EF-4AF2-4B24-B6D4-7B4CAF0D5103}.Debug|x64.Build.0 = Debug|x64
		{E43631EF-4AF2-4B24-B6D4-7B4CAF0D5103}.Release|Any CPU.ActiveCfg = Release|x64
		{E43631EF-4AF2-4B24-B6D4-7B4CAF0D5103}.Release|x64.ActiveCfg = Release|x64
		{E43631EF-4AF2-4B24-B6D4-7B4CAF0D5103}.Release|x64.Build.0 = Release|x64
		{684CCB9A-758B-4D45-99E9-40758B03603D}.Debug|Any CPU.ActiveCfg = Debug|x64
		{684CCB9A-758B-4D45-99E9-40758B03603D}.Debug|x64.ActiveCfg = Debug|x64
		{684CCB9A-758B-4D45-99E9-40758B03603D}.Debug|x64.Build.0 = Debug|x64
		{684CCB9A-758B-4D45-99E9-40758B03603D}.Release|Any CPU.ActiveCfg = Release|x64
		{684CCB9A-758B-4D45-99E9-40758B03603D}.Release|x64.ActiveCfg = Release|x64
		{684CCB9A-758B-4D45-99E9-40758B03603D}.Release|x64.Build.0 = Release|x64
		{D02E912E-BD4A-412F-81E5-9553BC4B5A5F}.Debug|Any CPU.ActiveCfg = Debug|x64
		{D02E912E-BD4A-412F-81E5-9553BC4B5A5F}.Debug|x64.ActiveCfg = Debug|x64
		{D02E912E-BD4A-412F-81E5-9553BC4B5A5F}.Debug|x64.Build.0 = Debug|x64
		{D02E912E-BD4A-412F-81E5-9553BC4B5A5F}.Release|Any CPU.ActiveCfg = Release|x64
		{D02E912E-BD4A-412F-81E5-9553BC4B5A5F}.Release|x64.ActiveCfg = Release|x64
		{D02E912E-BD4A-412F-81E5-9553BC4B5A5F}.Release|x64.Build.0 = Release|x64
		{CA0BB5C4-6965-4FDD-ABEC-C30A726A200B}.Debug|Any CPU.ActiveCfg = Debug|x64
		{CA0BB5C4-6965-4FDD-ABEC-C30A726A200B}.Debug|x64.ActiveCfg = Debug|x64
		{CA0BB5C4-6965-4FDD-ABEC-C30A726A200B}.Debug|x64.Build.0 = Debug|x64
		{CA0BB5C4-6965-4FDD-ABEC-C30A726A200B}.Release|Any CPU.ActiveCfg = Release|x64
		{CA0BB5C4-6965-4FDD-ABEC-C30A726A200B}.Release|x64.ActiveCfg = Release|x64
		{CA0BB5C4-6965-4FDD-ABEC-C30A726A200B}.Release|x64.Build.0 = Release|x64
		{9231DC9B-2F7A-4EC2-A3D2-A381A5A1E6D5}.Debug|Any CPU.ActiveCfg = Debug|x64
		{9231DC9B-2F7A-4EC2-A3D2-A381A5A1E6D5}.Debug|x64.ActiveCfg = Debug|x64
		{9231DC9B-2F7A-4EC2-A3D2-A381A5A1E6D5}.Debug|x64.Build.0 = Debug|x64
		{9231DC9B-2F7A-4EC2-A3D2-A381A5A1E6D5}.Release|Any CPU.ActiveCfg = Release|x64
		{9231DC9B-2F7A-4EC2-A3D2-A381A5A1E6D5}.Release|x64.ActiveCfg = Release|x64
		{9231DC9B-2F7A-4EC2-A3D2-A381A5A1E6D5}.Release|x64.Build.0 = Release|x64
	EndGlobalSection
	GlobalSection(SolutionProperties) = preSolution
		HideSolutionNode = FALSE
	EndGlobalSection
	GlobalSection(NestedProjects) = preSolution
		{0646EAF8-8941-4CBE-9D1A-59C643171F3E} = {8A43FD41-5FDD-4106-B41B-FF9C3135D12A}
		{45AEA3B6-EB45-479A-8962-93AC42B6AA41} = {11E945CD-4D46-4856-8467-72CE65DD4DF7}
		{4E37EEE5-15FD-46A8-A8AC-8A3C1DE48893} = {B227E80C-8E74-486D-887E-AC31D7A70F96}
		{8CC9E2E7-4349-458B-B449-37015AA3498F} = {B227E80C-8E74-486D-887E-AC31D7A70F96}
		{28F1EB11-BDF2-464E-A9C4-92D624F32F42} = {11E945CD-4D46-4856-8467-72CE65DD4DF7}
		{496FF115-D576-446A-87D4-C03B60B5DBF7} = {11E945CD-4D46-4856-8467-72CE65DD4DF7}
		{E43631EF-4AF2-4B24-B6D4-7B4CAF0D5103} = {11E945CD-4D46-4856-8467-72CE65DD4DF7}
		{684CCB9A-758B-4D45-99E9-40758B03603D} = {11E945CD-4D46-4856-8467-72CE65DD4DF7}
		{D02E912E-BD4A-412F-81E5-9553BC4B5A5F} = {B227E80C-8E74-486D-887E-AC31D7A70F96}
		{CA0BB5C4-6965-4FDD-ABEC-C30A726A200B} = {B227E80C-8E74-486D-887E-AC31D7A70F96}
		{9231DC9B-2F7A-4EC2-A3D2-A381A5A1E6D5} = {11E945CD-4D46-4856-8467-72CE65DD4DF7}
	EndGlobalSection
	GlobalSection(ExtensibilityGlobals) = postSolution
		SolutionGuid = {E2012927-1A97-4801-B3C9-76EBC40D34F4}
	EndGlobalSection
EndGlobal
